// !$*UTF8*$!
{
	archiveVersion = 1;
	classes = {
	};
	objectVersion = 48;
	objects = {

/* Begin PBXBuildFile section */
		52070AE72061411900461751 /* BarcodeService.m in Sources */ = {isa = PBXBuildFile; fileRef = 52070AE62061411900461751 /* BarcodeService.m */; };
		52070AEB2061440600461751 /* BarcodeDetailTableViewController.m in Sources */ = {isa = PBXBuildFile; fileRef = 52070AEA2061440600461751 /* BarcodeDetailTableViewController.m */; };
		52C96B9520610D210069B698 /* AppDelegate.m in Sources */ = {isa = PBXBuildFile; fileRef = 52C96B9420610D210069B698 /* AppDelegate.m */; };
		52C96B9820610D210069B698 /* MasterViewController.m in Sources */ = {isa = PBXBuildFile; fileRef = 52C96B9720610D210069B698 /* MasterViewController.m */; };
		52C96B9B20610D210069B698 /* DetailViewController.m in Sources */ = {isa = PBXBuildFile; fileRef = 52C96B9A20610D210069B698 /* DetailViewController.m */; };
		52C96B9E20610D210069B698 /* Main.storyboard in Resources */ = {isa = PBXBuildFile; fileRef = 52C96B9C20610D210069B698 /* Main.storyboard */; };
		52C96BA020610D210069B698 /* Assets.xcassets in Resources */ = {isa = PBXBuildFile; fileRef = 52C96B9F20610D210069B698 /* Assets.xcassets */; };
		52C96BA320610D210069B698 /* LaunchScreen.storyboard in Resources */ = {isa = PBXBuildFile; fileRef = 52C96BA120610D210069B698 /* LaunchScreen.storyboard */; };
		52C96BA620610D210069B698 /* main.m in Sources */ = {isa = PBXBuildFile; fileRef = 52C96BA520610D210069B698 /* main.m */; };
		52C96BB020610D210069B698 /* BarcodeTests.m in Sources */ = {isa = PBXBuildFile; fileRef = 52C96BAF20610D210069B698 /* BarcodeTests.m */; };
		52C96BBC2061153A0069B698 /* ScanViewController.m in Sources */ = {isa = PBXBuildFile; fileRef = 52C96BBB2061153A0069B698 /* ScanViewController.m */; };
		52C96BBF206115450069B698 /* InputViewController.m in Sources */ = {isa = PBXBuildFile; fileRef = 52C96BBE206115450069B698 /* InputViewController.m */; };
		52C96BC220611A2E0069B698 /* AVFoundation.framework in Frameworks */ = {isa = PBXBuildFile; fileRef = 52C96BC120611A2E0069B698 /* AVFoundation.framework */; };
/* End PBXBuildFile section */

/* Begin PBXContainerItemProxy section */
		52C96BAC20610D210069B698 /* PBXContainerItemProxy */ = {
			isa = PBXContainerItemProxy;
			containerPortal = 52C96B8820610D210069B698 /* Project object */;
			proxyType = 1;
			remoteGlobalIDString = 52C96B8F20610D210069B698;
			remoteInfo = Barcode;
		};
/* End PBXContainerItemProxy section */

/* Begin PBXFileReference section */
		52070AE62061411900461751 /* BarcodeService.m */ = {isa = PBXFileReference; lastKnownFileType = sourcecode.c.objc; path = BarcodeService.m; sourceTree = "<group>"; };
		52070AE82061412500461751 /* BarcodeService.h */ = {isa = PBXFileReference; lastKnownFileType = sourcecode.c.h; path = BarcodeService.h; sourceTree = "<group>"; };
		52070AE92061440600461751 /* BarcodeDetailTableViewController.h */ = {isa = PBXFileReference; lastKnownFileType = sourcecode.c.h; path = BarcodeDetailTableViewController.h; sourceTree = "<group>"; };
		52070AEA2061440600461751 /* BarcodeDetailTableViewController.m */ = {isa = PBXFileReference; lastKnownFileType = sourcecode.c.objc; path = BarcodeDetailTableViewController.m; sourceTree = "<group>"; };
		52C96B9020610D210069B698 /* Barcode.app */ = {isa = PBXFileReference; explicitFileType = wrapper.application; includeInIndex = 0; path = Barcode.app; sourceTree = BUILT_PRODUCTS_DIR; };
		52C96B9320610D210069B698 /* AppDelegate.h */ = {isa = PBXFileReference; lastKnownFileType = sourcecode.c.h; path = AppDelegate.h; sourceTree = "<group>"; };
		52C96B9420610D210069B698 /* AppDelegate.m */ = {isa = PBXFileReference; lastKnownFileType = sourcecode.c.objc; path = AppDelegate.m; sourceTree = "<group>"; };
		52C96B9620610D210069B698 /* MasterViewController.h */ = {isa = PBXFileReference; lastKnownFileType = sourcecode.c.h; path = MasterViewController.h; sourceTree = "<group>"; };
		52C96B9720610D210069B698 /* MasterViewController.m */ = {isa = PBXFileReference; lastKnownFileType = sourcecode.c.objc; path = MasterViewController.m; sourceTree = "<group>"; };
		52C96B9920610D210069B698 /* DetailViewController.h */ = {isa = PBXFileReference; lastKnownFileType = sourcecode.c.h; path = DetailViewController.h; sourceTree = "<group>"; };
		52C96B9A20610D210069B698 /* DetailViewController.m */ = {isa = PBXFileReference; lastKnownFileType = sourcecode.c.objc; path = DetailViewController.m; sourceTree = "<group>"; };
		52C96B9D20610D210069B698 /* Base */ = {isa = PBXFileReference; lastKnownFileType = file.storyboard; name = Base; path = Base.lproj/Main.storyboard; sourceTree = "<group>"; };
		52C96B9F20610D210069B698 /* Assets.xcassets */ = {isa = PBXFileReference; lastKnownFileType = folder.assetcatalog; path = Assets.xcassets; sourceTree = "<group>"; };
		52C96BA220610D210069B698 /* Base */ = {isa = PBXFileReference; lastKnownFileType = file.storyboard; name = Base; path = Base.lproj/LaunchScreen.storyboard; sourceTree = "<group>"; };
		52C96BA420610D210069B698 /* Info.plist */ = {isa = PBXFileReference; lastKnownFileType = text.plist.xml; path = Info.plist; sourceTree = "<group>"; };
		52C96BA520610D210069B698 /* main.m */ = {isa = PBXFileReference; lastKnownFileType = sourcecode.c.objc; path = main.m; sourceTree = "<group>"; };
		52C96BAB20610D210069B698 /* BarcodeTests.xctest */ = {isa = PBXFileReference; explicitFileType = wrapper.cfbundle; includeInIndex = 0; path = BarcodeTests.xctest; sourceTree = BUILT_PRODUCTS_DIR; };
		52C96BAF20610D210069B698 /* BarcodeTests.m */ = {isa = PBXFileReference; lastKnownFileType = sourcecode.c.objc; path = BarcodeTests.m; sourceTree = "<group>"; };
		52C96BB120610D210069B698 /* Info.plist */ = {isa = PBXFileReference; lastKnownFileType = text.plist.xml; path = Info.plist; sourceTree = "<group>"; };
		52C96BBA2061153A0069B698 /* ScanViewController.h */ = {isa = PBXFileReference; lastKnownFileType = sourcecode.c.h; path = ScanViewController.h; sourceTree = "<group>"; };
		52C96BBB2061153A0069B698 /* ScanViewController.m */ = {isa = PBXFileReference; lastKnownFileType = sourcecode.c.objc; path = ScanViewController.m; sourceTree = "<group>"; };
		52C96BBD206115450069B698 /* InputViewController.h */ = {isa = PBXFileReference; lastKnownFileType = sourcecode.c.h; path = InputViewController.h; sourceTree = "<group>"; };
		52C96BBE206115450069B698 /* InputViewController.m */ = {isa = PBXFileReference; lastKnownFileType = sourcecode.c.objc; path = InputViewController.m; sourceTree = "<group>"; };
		52C96BC120611A2E0069B698 /* AVFoundation.framework */ = {isa = PBXFileReference; lastKnownFileType = wrapper.framework; name = AVFoundation.framework; path = System/Library/Frameworks/AVFoundation.framework; sourceTree = SDKROOT; };
/* End PBXFileReference section */

/* Begin PBXFrameworksBuildPhase section */
		52C96B8D20610D210069B698 /* Frameworks */ = {
			isa = PBXFrameworksBuildPhase;
			buildActionMask = 2147483647;
			files = (
				52C96BC220611A2E0069B698 /* AVFoundation.framework in Frameworks */,
			);
			runOnlyForDeploymentPostprocessing = 0;
		};
		52C96BA820610D210069B698 /* Frameworks */ = {
			isa = PBXFrameworksBuildPhase;
			buildActionMask = 2147483647;
			files = (
			);
			runOnlyForDeploymentPostprocessing = 0;
		};
/* End PBXFrameworksBuildPhase section */

/* Begin PBXGroup section */
		52C96B8720610D210069B698 = {
			isa = PBXGroup;
			children = (
				52C96B9220610D210069B698 /* Barcode */,
				52C96BAE20610D210069B698 /* BarcodeTests */,
				52C96B9120610D210069B698 /* Products */,
				52C96BC020611A2D0069B698 /* Frameworks */,
			);
			sourceTree = "<group>";
		};
		52C96B9120610D210069B698 /* Products */ = {
			isa = PBXGroup;
			children = (
				52C96B9020610D210069B698 /* Barcode.app */,
				52C96BAB20610D210069B698 /* BarcodeTests.xctest */,
			);
			name = Products;
			sourceTree = "<group>";
		};
		52C96B9220610D210069B698 /* Barcode */ = {
			isa = PBXGroup;
			children = (
				52C96B9320610D210069B698 /* AppDelegate.h */,
				52C96B9420610D210069B698 /* AppDelegate.m */,
				52C96B9620610D210069B698 /* MasterViewController.h */,
				52C96B9720610D210069B698 /* MasterViewController.m */,
				52C96B9920610D210069B698 /* DetailViewController.h */,
				52C96B9A20610D210069B698 /* DetailViewController.m */,
				52C96B9C20610D210069B698 /* Main.storyboard */,
				52C96B9F20610D210069B698 /* Assets.xcassets */,
				52C96BA120610D210069B698 /* LaunchScreen.storyboard */,
				52C96BA420610D210069B698 /* Info.plist */,
				52C96BA520610D210069B698 /* main.m */,
				52C96BBA2061153A0069B698 /* ScanViewController.h */,
				52C96BBB2061153A0069B698 /* ScanViewController.m */,
				52C96BBD206115450069B698 /* InputViewController.h */,
				52C96BBE206115450069B698 /* InputViewController.m */,
				52070AE82061412500461751 /* BarcodeService.h */,
				52070AE62061411900461751 /* BarcodeService.m */,
				52070AE92061440600461751 /* BarcodeDetailTableViewController.h */,
				52070AEA2061440600461751 /* BarcodeDetailTableViewController.m */,
			);
			path = Barcode;
			sourceTree = "<group>";
		};
		52C96BAE20610D210069B698 /* BarcodeTests */ = {
			isa = PBXGroup;
			children = (
				52C96BAF20610D210069B698 /* BarcodeTests.m */,
				52C96BB120610D210069B698 /* Info.plist */,
			);
			path = BarcodeTests;
			sourceTree = "<group>";
		};
		52C96BC020611A2D0069B698 /* Frameworks */ = {
			isa = PBXGroup;
			children = (
				52C96BC120611A2E0069B698 /* AVFoundation.framework */,
			);
			name = Frameworks;
			sourceTree = "<group>";
		};
/* End PBXGroup section */

/* Begin PBXNativeTarget section */
		52C96B8F20610D210069B698 /* Barcode */ = {
			isa = PBXNativeTarget;
			buildConfigurationList = 52C96BB420610D210069B698 /* Build configuration list for PBXNativeTarget "Barcode" */;
			buildPhases = (
				52C96B8C20610D210069B698 /* Sources */,
				52C96B8D20610D210069B698 /* Frameworks */,
				52C96B8E20610D210069B698 /* Resources */,
			);
			buildRules = (
			);
			dependencies = (
			);
			name = Barcode;
			productName = Barcode;
			productReference = 52C96B9020610D210069B698 /* Barcode.app */;
			productType = "com.apple.product-type.application";
		};
		52C96BAA20610D210069B698 /* BarcodeTests */ = {
			isa = PBXNativeTarget;
			buildConfigurationList = 52C96BB720610D210069B698 /* Build configuration list for PBXNativeTarget "BarcodeTests" */;
			buildPhases = (
				52C96BA720610D210069B698 /* Sources */,
				52C96BA820610D210069B698 /* Frameworks */,
				52C96BA920610D210069B698 /* Resources */,
			);
			buildRules = (
			);
			dependencies = (
				52C96BAD20610D210069B698 /* PBXTargetDependency */,
			);
			name = BarcodeTests;
			productName = BarcodeTests;
			productReference = 52C96BAB20610D210069B698 /* BarcodeTests.xctest */;
			productType = "com.apple.product-type.bundle.unit-test";
		};
/* End PBXNativeTarget section */

/* Begin PBXProject section */
		52C96B8820610D210069B698 /* Project object */ = {
			isa = PBXProject;
			attributes = {
				LastUpgradeCheck = 0920;
				ORGANIZATIONNAME = "Paolo Carollo";
				TargetAttributes = {
					52C96B8F20610D210069B698 = {
						CreatedOnToolsVersion = 9.2;
						ProvisioningStyle = Automatic;
					};
					52C96BAA20610D210069B698 = {
						CreatedOnToolsVersion = 9.2;
						ProvisioningStyle = Automatic;
						TestTargetID = 52C96B8F20610D210069B698;
					};
				};
			};
			buildConfigurationList = 52C96B8B20610D210069B698 /* Build configuration list for PBXProject "Barcode" */;
			compatibilityVersion = "Xcode 8.0";
			developmentRegion = en;
			hasScannedForEncodings = 0;
			knownRegions = (
				en,
				Base,
			);
			mainGroup = 52C96B8720610D210069B698;
			productRefGroup = 52C96B9120610D210069B698 /* Products */;
			projectDirPath = "";
			projectRoot = "";
			targets = (
				52C96B8F20610D210069B698 /* Barcode */,
				52C96BAA20610D210069B698 /* BarcodeTests */,
			);
		};
/* End PBXProject section */

/* Begin PBXResourcesBuildPhase section */
		52C96B8E20610D210069B698 /* Resources */ = {
			isa = PBXResourcesBuildPhase;
			buildActionMask = 2147483647;
			files = (
				52C96BA320610D210069B698 /* LaunchScreen.storyboard in Resources */,
				52C96BA020610D210069B698 /* Assets.xcassets in Resources */,
				52C96B9E20610D210069B698 /* Main.storyboard in Resources */,
			);
			runOnlyForDeploymentPostprocessing = 0;
		};
		52C96BA920610D210069B698 /* Resources */ = {
			isa = PBXResourcesBuildPhase;
			buildActionMask = 2147483647;
			files = (
			);
			runOnlyForDeploymentPostprocessing = 0;
		};
/* End PBXResourcesBuildPhase section */

/* Begin PBXSourcesBuildPhase section */
		52C96B8C20610D210069B698 /* Sources */ = {
			isa = PBXSourcesBuildPhase;
			buildActionMask = 2147483647;
			files = (
				52C96B9820610D210069B698 /* MasterViewController.m in Sources */,
				52C96BBF206115450069B698 /* InputViewController.m in Sources */,
				52070AE72061411900461751 /* BarcodeService.m in Sources */,
				52070AEB2061440600461751 /* BarcodeDetailTableViewController.m in Sources */,
				52C96BBC2061153A0069B698 /* ScanViewController.m in Sources */,
				52C96B9520610D210069B698 /* AppDelegate.m in Sources */,
				52C96BA620610D210069B698 /* main.m in Sources */,
				52C96B9B20610D210069B698 /* DetailViewController.m in Sources */,
			);
			runOnlyForDeploymentPostprocessing = 0;
		};
		52C96BA720610D210069B698 /* Sources */ = {
			isa = PBXSourcesBuildPhase;
			buildActionMask = 2147483647;
			files = (
				52C96BB020610D210069B698 /* BarcodeTests.m in Sources */,
			);
			runOnlyForDeploymentPostprocessing = 0;
		};
/* End PBXSourcesBuildPhase section */

/* Begin PBXTargetDependency section */
		52C96BAD20610D210069B698 /* PBXTargetDependency */ = {
			isa = PBXTargetDependency;
			target = 52C96B8F20610D210069B698 /* Barcode */;
			targetProxy = 52C96BAC20610D210069B698 /* PBXContainerItemProxy */;
		};
/* End PBXTargetDependency section */

/* Begin PBXVariantGroup section */
		52C96B9C20610D210069B698 /* Main.storyboard */ = {
			isa = PBXVariantGroup;
			children = (
				52C96B9D20610D210069B698 /* Base */,
			);
			name = Main.storyboard;
			sourceTree = "<group>";
		};
		52C96BA120610D210069B698 /* LaunchScreen.storyboard */ = {
			isa = PBXVariantGroup;
			children = (
				52C96BA220610D210069B698 /* Base */,
			);
			name = LaunchScreen.storyboard;
			sourceTree = "<group>";
		};
/* End PBXVariantGroup section */

/* Begin XCBuildConfiguration section */
		52C96BB220610D210069B698 /* Debug */ = {
			isa = XCBuildConfiguration;
			buildSettings = {
				ALWAYS_SEARCH_USER_PATHS = NO;
				CLANG_ANALYZER_NONNULL = YES;
				CLANG_ANALYZER_NUMBER_OBJECT_CONVERSION = YES_AGGRESSIVE;
				CLANG_CXX_LANGUAGE_STANDARD = "gnu++14";
				CLANG_CXX_LIBRARY = "libc++";
				CLANG_ENABLE_MODULES = YES;
				CLANG_ENABLE_OBJC_ARC = YES;
				CLANG_WARN_BLOCK_CAPTURE_AUTORELEASING = YES;
				CLANG_WARN_BOOL_CONVERSION = YES;
				CLANG_WARN_COMMA = YES;
				CLANG_WARN_CONSTANT_CONVERSION = YES;
				CLANG_WARN_DIRECT_OBJC_ISA_USAGE = YES_ERROR;
				CLANG_WARN_DOCUMENTATION_COMMENTS = YES;
				CLANG_WARN_EMPTY_BODY = YES;
				CLANG_WARN_ENUM_CONVERSION = YES;
				CLANG_WARN_INFINITE_RECURSION = YES;
				CLANG_WARN_INT_CONVERSION = YES;
				CLANG_WARN_NON_LITERAL_NULL_CONVERSION = YES;
				CLANG_WARN_OBJC_LITERAL_CONVERSION = YES;
				CLANG_WARN_OBJC_ROOT_CLASS = YES_ERROR;
				CLANG_WARN_RANGE_LOOP_ANALYSIS = YES;
				CLANG_WARN_STRICT_PROTOTYPES = YES;
				CLANG_WARN_SUSPICIOUS_MOVE = YES;
				CLANG_WARN_UNGUARDED_AVAILABILITY = YES_AGGRESSIVE;
				CLANG_WARN_UNREACHABLE_CODE = YES;
				CLANG_WARN__DUPLICATE_METHOD_MATCH = YES;
				CODE_SIGN_IDENTITY = "iPhone Developer";
				COPY_PHASE_STRIP = NO;
				DEBUG_INFORMATION_FORMAT = dwarf;
				ENABLE_STRICT_OBJC_MSGSEND = YES;
				ENABLE_TESTABILITY = YES;
				GCC_C_LANGUAGE_STANDARD = gnu11;
				GCC_DYNAMIC_NO_PIC = NO;
				GCC_NO_COMMON_BLOCKS = YES;
				GCC_OPTIMIZATION_LEVEL = 0;
				GCC_PREPROCESSOR_DEFINITIONS = (
					"DEBUG=1",
					"$(inherited)",
				);
				GCC_WARN_64_TO_32_BIT_CONVERSION = YES;
				GCC_WARN_ABOUT_RETURN_TYPE = YES_ERROR;
				GCC_WARN_UNDECLARED_SELECTOR = YES;
				GCC_WARN_UNINITIALIZED_AUTOS = YES_AGGRESSIVE;
				GCC_WARN_UNUSED_FUNCTION = YES;
				GCC_WARN_UNUSED_VARIABLE = YES;
				IPHONEOS_DEPLOYMENT_TARGET = 9.0;
				MTL_ENABLE_DEBUG_INFO = YES;
				ONLY_ACTIVE_ARCH = YES;
				SDKROOT = iphoneos;
			};
			name = Debug;
		};
		52C96BB320610D210069B698 /* Release */ = {
			isa = XCBuildConfiguration;
			buildSettings = {
				ALWAYS_SEARCH_USER_PATHS = NO;
				CLANG_ANALYZER_NONNULL = YES;
				CLANG_ANALYZER_NUMBER_OBJECT_CONVERSION = YES_AGGRESSIVE;
				CLANG_CXX_LANGUAGE_STANDARD = "gnu++14";
				CLANG_CXX_LIBRARY = "libc++";
				CLANG_ENABLE_MODULES = YES;
				CLANG_ENABLE_OBJC_ARC = YES;
				CLANG_WARN_BLOCK_CAPTURE_AUTORELEASING = YES;
				CLANG_WARN_BOOL_CONVERSION = YES;
				CLANG_WARN_COMMA = YES;
				CLANG_WARN_CONSTANT_CONVERSION = YES;
				CLANG_WARN_DIRECT_OBJC_ISA_USAGE = YES_ERROR;
				CLANG_WARN_DOCUMENTATION_COMMENTS = YES;
				CLANG_WARN_EMPTY_BODY = YES;
				CLANG_WARN_ENUM_CONVERSION = YES;
				CLANG_WARN_INFINITE_RECURSION = YES;
				CLANG_WARN_INT_CONVERSION = YES;
				CLANG_WARN_NON_LITERAL_NULL_CONVERSION = YES;
				CLANG_WARN_OBJC_LITERAL_CONVERSION = YES;
				CLANG_WARN_OBJC_ROOT_CLASS = YES_ERROR;
				CLANG_WARN_RANGE_LOOP_ANALYSIS = YES;
				CLANG_WARN_STRICT_PROTOTYPES = YES;
				CLANG_WARN_SUSPICIOUS_MOVE = YES;
				CLANG_WARN_UNGUARDED_AVAILABILITY = YES_AGGRESSIVE;
				CLANG_WARN_UNREACHABLE_CODE = YES;
				CLANG_WARN__DUPLICATE_METHOD_MATCH = YES;
				CODE_SIGN_IDENTITY = "iPhone Developer";
				COPY_PHASE_STRIP = NO;
				DEBUG_INFORMATION_FORMAT = "dwarf-with-dsym";
				ENABLE_NS_ASSERTIONS = NO;
				ENABLE_STRICT_OBJC_MSGSEND = YES;
				GCC_C_LANGUAGE_STANDARD = gnu11;
				GCC_NO_COMMON_BLOCKS = YES;
				GCC_WARN_64_TO_32_BIT_CONVERSION = YES;
				GCC_WARN_ABOUT_RETURN_TYPE = YES_ERROR;
				GCC_WARN_UNDECLARED_SELECTOR = YES;
				GCC_WARN_UNINITIALIZED_AUTOS = YES_AGGRESSIVE;
				GCC_WARN_UNUSED_FUNCTION = YES;
				GCC_WARN_UNUSED_VARIABLE = YES;
				IPHONEOS_DEPLOYMENT_TARGET = 9.0;
				MTL_ENABLE_DEBUG_INFO = NO;
				SDKROOT = iphoneos;
				VALIDATE_PRODUCT = YES;
			};
			name = Release;
		};
		52C96BB520610D210069B698 /* Debug */ = {
			isa = XCBuildConfiguration;
			buildSettings = {
				ASSETCATALOG_COMPILER_APPICON_NAME = AppIcon;
				CODE_SIGN_STYLE = Automatic;
				DEVELOPMENT_TEAM = P4SCANVHRT;
				INFOPLIST_FILE = Barcode/Info.plist;
				LD_RUNPATH_SEARCH_PATHS = "$(inherited) @executable_path/Frameworks";
				PRODUCT_BUNDLE_IDENTIFIER = com.paolocarollo.Barcode;
				PRODUCT_NAME = "$(TARGET_NAME)";
				TARGETED_DEVICE_FAMILY = "1,2";
			};
			name = Debug;
		};
		52C96BB620610D210069B698 /* Release */ = {
			isa = XCBuildConfiguration;
			buildSettings = {
				ASSETCATALOG_COMPILER_APPICON_NAME = AppIcon;
				CODE_SIGN_STYLE = Automatic;
				DEVELOPMENT_TEAM = P4SCANVHRT;
				INFOPLIST_FILE = Barcode/Info.plist;
				LD_RUNPATH_SEARCH_PATHS = "$(inherited) @executable_path/Frameworks";
				PRODUCT_BUNDLE_IDENTIFIER = com.paolocarollo.Barcode;
				PRODUCT_NAME = "$(TARGET_NAME)";
				TARGETED_DEVICE_FAMILY = "1,2";
			};
			name = Release;
		};
		52C96BB820610D210069B698 /* Debug */ = {
			isa = XCBuildConfiguration;
			buildSettings = {
				BUNDLE_LOADER = "$(TEST_HOST)";
				CODE_SIGN_STYLE = Automatic;
				DEVELOPMENT_TEAM = P4SCANVHRT;
				INFOPLIST_FILE = BarcodeTests/Info.plist;
				LD_RUNPATH_SEARCH_PATHS = "$(inherited) @executable_path/Frameworks @loader_path/Frameworks";
				PRODUCT_BUNDLE_IDENTIFIER = com.paolocarollo.BarcodeTests;
				PRODUCT_NAME = "$(TARGET_NAME)";
				TARGETED_DEVICE_FAMILY = "1,2";
				TEST_HOST = "$(BUILT_PRODUCTS_DIR)/Barcode.app/Barcode";
			};
			name = Debug;
		};
		52C96BB920610D210069B698 /* Release */ = {
			isa = XCBuildConfiguration;
			buildSettings = {
				BUNDLE_LOADER = "$(TEST_HOST)";
				CODE_SIGN_STYLE = Automatic;
				DEVELOPMENT_TEAM = P4SCANVHRT;
				INFOPLIST_FILE = BarcodeTests/Info.plist;
				LD_RUNPATH_SEARCH_PATHS = "$(inherited) @executable_path/Frameworks @loader_path/Frameworks";
				PRODUCT_BUNDLE_IDENTIFIER = com.paolocarollo.BarcodeTests;
				PRODUCT_NAME = "$(TARGET_NAME)";
				TARGETED_DEVICE_FAMILY = "1,2";
				TEST_HOST = "$(BUILT_PRODUCTS_DIR)/Barcode.app/Barcode";
			};
			name = Release;
		};
/* End XCBuildConfiguration section */

/* Begin XCConfigurationList section */
		52C96B8B20610D210069B698 /* Build configuration list for PBXProject "Barcode" */ = {
			isa = XCConfigurationList;
			buildConfigurations = (
				52C96BB220610D210069B698 /* Debug */,
				52C96BB320610D210069B698 /* Release */,
			);
			defaultConfigurationIsVisible = 0;
			defaultConfigurationName = Release;
		};
		52C96BB420610D210069B698 /* Build configuration list for PBXNativeTarget "Barcode" */ = {
			isa = XCConfigurationList;
			buildConfigurations = (
				52C96BB520610D210069B698 /* Debug */,
				52C96BB620610D210069B698 /* Release */,
			);
			defaultConfigurationIsVisible = 0;
			defaultConfigurationName = Release;
		};
		52C96BB720610D210069B698 /* Build configuration list for PBXNativeTarget "BarcodeTests" */ = {
			isa = XCConfigurationList;
			buildConfigurations = (
				52C96BB820610D210069B698 /* Debug */,
				52C96BB920610D210069B698 /* Release */,
			);
			defaultConfigurationIsVisible = 0;
			defaultConfigurationName = Release;
		};
/* End XCConfigurationList section */
	};
	rootObject = 52C96B8820610D210069B698 /* Project object */;
}
